
Microsoft Visual Studio Solution File, Format Version 12.00
# Visual Studio Version 17
VisualStudioVersion = 17.9.34728.123
MinimumVisualStudioVersion = 10.0.40219.1
Project("{FAE04EC0-301F-11D3-BF4B-00C04F79EFBC}") = "PruebaTecnicaNetCore.App", "PruebaTecnicaNetCore.App.csproj", "{4FAB7091-B47D-423B-9D90-72D34391AB76}"
EndProject
Project("{FAE04EC0-301F-11D3-BF4B-00C04F79EFBC}") = "PruebaTecnicaNetCore.Repository", "..\PruebaTecnicaNetCore.Repository\PruebaTecnicaNetCore.Repository.csproj", "{DCC73574-C289-466B-99F5-BE4BB8011782}"
EndProject
Project("{FAE04EC0-301F-11D3-BF4B-00C04F79EFBC}") = "PruebaTecnicaNetCore.Models", "..\PruebaTecnicaNetCore.Models\PruebaTecnicaNetCore.Models.csproj", "{22776900-94B9-4F67-B010-9F3CB04E44E0}"
EndProject
Global
	GlobalSection(SolutionConfigurationPlatforms) = preSolution
		Debug|Any CPU = Debug|Any CPU
		Release|Any CPU = Release|Any CPU
	EndGlobalSection
	GlobalSection(ProjectConfigurationPlatforms) = postSolution
		{4FAB7091-B47D-423B-9D90-72D34391AB76}.Debug|Any CPU.ActiveCfg = Debug|Any CPU
		{4FAB7091-B47D-423B-9D90-72D34391AB76}.Debug|Any CPU.Build.0 = Debug|Any CPU
		{4FAB7091-B47D-423B-9D90-72D34391AB76}.Release|Any CPU.ActiveCfg = Release|Any CPU
		{4FAB7091-B47D-423B-9D90-72D34391AB76}.Release|Any CPU.Build.0 = Release|Any CPU
		{DCC73574-C289-466B-99F5-BE4BB8011782}.Debug|Any CPU.ActiveCfg = Debug|Any CPU
		{DCC73574-C289-466B-99F5-BE4BB8011782}.Debug|Any CPU.Build.0 = Debug|Any CPU
		{DCC73574-C289-466B-99F5-BE4BB8011782}.Release|Any CPU.ActiveCfg = Release|Any CPU
		{DCC73574-C289-466B-99F5-BE4BB8011782}.Release|Any CPU.Build.0 = Release|Any CPU
		{22776900-94B9-4F67-B010-9F3CB04E44E0}.Debug|Any CPU.ActiveCfg = Debug|Any CPU
		{22776900-94B9-4F67-B010-9F3CB04E44E0}.Debug|Any CPU.Build.0 = Debug|Any CPU
		{22776900-94B9-4F67-B010-9F3CB04E44E0}.Release|Any CPU.ActiveCfg = Release|Any CPU
		{22776900-94B9-4F67-B010-9F3CB04E44E0}.Release|Any CPU.Build.0 = Release|Any CPU
	EndGlobalSection
	GlobalSection(SolutionProperties) = preSolution
		HideSolutionNode = FALSE
	EndGlobalSection
	GlobalSection(ExtensibilityGlobals) = postSolution
		SolutionGuid = {EEDB19A8-1B0C-4EDC-AEEF-95CC0161E267}
	EndGlobalSection
EndGlobal
